{
  "name": "aqua-api-example",
  "version": "1.0.0",
  "lockfileVersion": 3,
  "requires": true,
  "packages": {
    "": {
      "name": "aqua-api-example",
      "version": "1.0.0",
      "license": "Apache-2.0",
      "dependencies": {
        "@fluencelabs/aqua-api": "0.10.3"
      }
    },
    "node_modules/@fluencelabs/aqua-api": {
      "version": "0.10.3",
      "resolved": "https://registry.npmjs.org/@fluencelabs/aqua-api/-/aqua-api-0.10.3.tgz",
      "integrity": "sha512-OBRH6HEJQlD6qqVyit491OsI/Vr3GfSzEaf9GkHe9tOABZsu58gpiTQDFIC/cpmTG1YGq2oZcx9nsyRc5CkNTw=="
    }
  }
}
